
Microsoft Visual Studio Solution File, Format Version 12.00
# Visual Studio Version 17
VisualStudioVersion = 17.0.31903.59
MinimumVisualStudioVersion = 10.0.40219.1
Project("{2150E333-8FDC-42A3-9474-1A3956D46DE8}") = "src", "src", "{38C9E667-ADEF-403D-BBE3-0F4F34B57BDE}"
EndProject
Project("{FAE04EC0-301F-11D3-BF4B-00C04F79EFBC}") = "Smdb.Core", "src\Smdb.Core\Smdb.Core.csproj", "{B89C7AA8-C5BD-4CD0-89DC-197BB0A1FB19}"
EndProject
Project("{2150E333-8FDC-42A3-9474-1A3956D46DE8}") = "tests", "tests", "{BFF966A8-71E4-4777-9F4A-0EA874FAF466}"
EndProject
Project("{FAE04EC0-301F-11D3-BF4B-00C04F79EFBC}") = "Smdb.Core.Test", "tests\Smdb.Core.Test\Smdb.Core.Test.csproj", "{E5F1D626-3E58-48D6-B724-9801BF29DF03}"
EndProject
Project("{FAE04EC0-301F-11D3-BF4B-00C04F79EFBC}") = "Shared", "..\SharedLibrary\src\Shared\Shared.csproj", "{7B411A71-5841-4871-9750-429CF3059310}"
EndProject
Project("{FAE04EC0-301F-11D3-BF4B-00C04F79EFBC}") = "Smdb.Api", "src\Smdb.Api\Smdb.Api.csproj", "{9CB311E7-3BD7-455B-837F-83C4E52AD2FE}"
EndProject
Project("{FAE04EC0-301F-11D3-BF4B-00C04F79EFBC}") = "Smdb.Api.Test", "tests\Smdb.Api.Test\Smdb.Api.Test.csproj", "{0F04E7D1-9843-41F3-BF9E-565985D04B4F}"
EndProject
Project("{FAE04EC0-301F-11D3-BF4B-00C04F79EFBC}") = "Smdb.Csr", "src\Smdb.Csr\Smdb.Csr.csproj", "{A7F07B1D-D230-40EE-89BC-4DFC43002E19}"
EndProject
Project("{FAE04EC0-301F-11D3-BF4B-00C04F79EFBC}") = "Smdb.Csr.Test", "tests\Smdb.Csr.Test\Smdb.Csr.Test.csproj", "{D730D58F-BE4B-4035-930F-9F2FBB1BEF30}"
EndProject
Global
	GlobalSection(SolutionConfigurationPlatforms) = preSolution
		Debug|Any CPU = Debug|Any CPU
		Release|Any CPU = Release|Any CPU
	EndGlobalSection
	GlobalSection(SolutionProperties) = preSolution
		HideSolutionNode = FALSE
	EndGlobalSection
	GlobalSection(ProjectConfigurationPlatforms) = postSolution
		{B89C7AA8-C5BD-4CD0-89DC-197BB0A1FB19}.Debug|Any CPU.ActiveCfg = Debug|Any CPU
		{B89C7AA8-C5BD-4CD0-89DC-197BB0A1FB19}.Debug|Any CPU.Build.0 = Debug|Any CPU
		{B89C7AA8-C5BD-4CD0-89DC-197BB0A1FB19}.Release|Any CPU.ActiveCfg = Release|Any CPU
		{B89C7AA8-C5BD-4CD0-89DC-197BB0A1FB19}.Release|Any CPU.Build.0 = Release|Any CPU
		{E5F1D626-3E58-48D6-B724-9801BF29DF03}.Debug|Any CPU.ActiveCfg = Debug|Any CPU
		{E5F1D626-3E58-48D6-B724-9801BF29DF03}.Debug|Any CPU.Build.0 = Debug|Any CPU
		{E5F1D626-3E58-48D6-B724-9801BF29DF03}.Release|Any CPU.ActiveCfg = Release|Any CPU
		{E5F1D626-3E58-48D6-B724-9801BF29DF03}.Release|Any CPU.Build.0 = Release|Any CPU
		{7B411A71-5841-4871-9750-429CF3059310}.Debug|Any CPU.ActiveCfg = Debug|Any CPU
		{7B411A71-5841-4871-9750-429CF3059310}.Debug|Any CPU.Build.0 = Debug|Any CPU
		{7B411A71-5841-4871-9750-429CF3059310}.Release|Any CPU.ActiveCfg = Release|Any CPU
		{7B411A71-5841-4871-9750-429CF3059310}.Release|Any CPU.Build.0 = Release|Any CPU
		{9CB311E7-3BD7-455B-837F-83C4E52AD2FE}.Debug|Any CPU.ActiveCfg = Debug|Any CPU
		{9CB311E7-3BD7-455B-837F-83C4E52AD2FE}.Debug|Any CPU.Build.0 = Debug|Any CPU
		{9CB311E7-3BD7-455B-837F-83C4E52AD2FE}.Release|Any CPU.ActiveCfg = Release|Any CPU
		{9CB311E7-3BD7-455B-837F-83C4E52AD2FE}.Release|Any CPU.Build.0 = Release|Any CPU
		{0F04E7D1-9843-41F3-BF9E-565985D04B4F}.Debug|Any CPU.ActiveCfg = Debug|Any CPU
		{0F04E7D1-9843-41F3-BF9E-565985D04B4F}.Debug|Any CPU.Build.0 = Debug|Any CPU
		{0F04E7D1-9843-41F3-BF9E-565985D04B4F}.Release|Any CPU.ActiveCfg = Release|Any CPU
		{0F04E7D1-9843-41F3-BF9E-565985D04B4F}.Release|Any CPU.Build.0 = Release|Any CPU
		{A7F07B1D-D230-40EE-89BC-4DFC43002E19}.Debug|Any CPU.ActiveCfg = Debug|Any CPU
		{A7F07B1D-D230-40EE-89BC-4DFC43002E19}.Debug|Any CPU.Build.0 = Debug|Any CPU
		{A7F07B1D-D230-40EE-89BC-4DFC43002E19}.Release|Any CPU.ActiveCfg = Release|Any CPU
		{A7F07B1D-D230-40EE-89BC-4DFC43002E19}.Release|Any CPU.Build.0 = Release|Any CPU
		{D730D58F-BE4B-4035-930F-9F2FBB1BEF30}.Debug|Any CPU.ActiveCfg = Debug|Any CPU
		{D730D58F-BE4B-4035-930F-9F2FBB1BEF30}.Debug|Any CPU.Build.0 = Debug|Any CPU
		{D730D58F-BE4B-4035-930F-9F2FBB1BEF30}.Release|Any CPU.ActiveCfg = Release|Any CPU
		{D730D58F-BE4B-4035-930F-9F2FBB1BEF30}.Release|Any CPU.Build.0 = Release|Any CPU
	EndGlobalSection
	GlobalSection(NestedProjects) = preSolution
		{B89C7AA8-C5BD-4CD0-89DC-197BB0A1FB19} = {38C9E667-ADEF-403D-BBE3-0F4F34B57BDE}
		{E5F1D626-3E58-48D6-B724-9801BF29DF03} = {BFF966A8-71E4-4777-9F4A-0EA874FAF466}
		{9CB311E7-3BD7-455B-837F-83C4E52AD2FE} = {38C9E667-ADEF-403D-BBE3-0F4F34B57BDE}
		{0F04E7D1-9843-41F3-BF9E-565985D04B4F} = {BFF966A8-71E4-4777-9F4A-0EA874FAF466}
		{A7F07B1D-D230-40EE-89BC-4DFC43002E19} = {38C9E667-ADEF-403D-BBE3-0F4F34B57BDE}
		{D730D58F-BE4B-4035-930F-9F2FBB1BEF30} = {BFF966A8-71E4-4777-9F4A-0EA874FAF466}
	EndGlobalSection
EndGlobal
